// !$*UTF8*$!
{
	archiveVersion = 1;
	classes = {
	};
	objectVersion = 50;
	objects = {

/* Begin PBXBuildFile section */
		4CEF620A24093FE000FD4159 /* AppDelegate.swift in Sources */ = {isa = PBXBuildFile; fileRef = 4CEF620924093FE000FD4159 /* AppDelegate.swift */; };
		4CEF620C24093FE000FD4159 /* TableViewController.swift in Sources */ = {isa = PBXBuildFile; fileRef = 4CEF620B24093FE000FD4159 /* TableViewController.swift */; };
		4CEF620F24093FE000FD4159 /* Main.storyboard in Resources */ = {isa = PBXBuildFile; fileRef = 4CEF620D24093FE000FD4159 /* Main.storyboard */; };
		4CEF621124093FE200FD4159 /* Assets.xcassets in Resources */ = {isa = PBXBuildFile; fileRef = 4CEF621024093FE200FD4159 /* Assets.xcassets */; };
		4CEF621424093FE200FD4159 /* LaunchScreen.storyboard in Resources */ = {isa = PBXBuildFile; fileRef = 4CEF621224093FE200FD4159 /* LaunchScreen.storyboard */; };
		4CEF621F24093FE200FD4159 /* DoujanaAppTests.swift in Sources */ = {isa = PBXBuildFile; fileRef = 4CEF621E24093FE200FD4159 /* DoujanaAppTests.swift */; };
		4CEF622A24093FE200FD4159 /* DoujanaAppUITests.swift in Sources */ = {isa = PBXBuildFile; fileRef = 4CEF622924093FE200FD4159 /* DoujanaAppUITests.swift */; };
		4CEF6244240A59E800FD4159 /* ApiService.swift in Sources */ = {isa = PBXBuildFile; fileRef = 4CEF6243240A59E800FD4159 /* ApiService.swift */; };
		4CEF6246240A6AC900FD4159 /* Album.swift in Sources */ = {isa = PBXBuildFile; fileRef = 4CEF6245240A6AC900FD4159 /* Album.swift */; };
		4CEF624A240AC50100FD4159 /* AlbumTableViewCell.swift in Sources */ = {isa = PBXBuildFile; fileRef = 4CEF6249240AC50100FD4159 /* AlbumTableViewCell.swift */; };
		4CEF624C240AFC7700FD4159 /* DetailViewController.swift in Sources */ = {isa = PBXBuildFile; fileRef = 4CEF624B240AFC7700FD4159 /* DetailViewController.swift */; };
/* End PBXBuildFile section */

/* Begin PBXContainerItemProxy section */
		4CEF621B24093FE200FD4159 /* PBXContainerItemProxy */ = {
			isa = PBXContainerItemProxy;
			containerPortal = 4CEF61FE24093FE000FD4159 /* Project object */;
			proxyType = 1;
			remoteGlobalIDString = 4CEF620524093FE000FD4159;
			remoteInfo = DoujanaApp;
		};
		4CEF622624093FE200FD4159 /* PBXContainerItemProxy */ = {
			isa = PBXContainerItemProxy;
			containerPortal = 4CEF61FE24093FE000FD4159 /* Project object */;
			proxyType = 1;
			remoteGlobalIDString = 4CEF620524093FE000FD4159;
			remoteInfo = DoujanaApp;
		};
/* End PBXContainerItemProxy section */

/* Begin PBXFileReference section */
		4CEF620624093FE000FD4159 /* DoujanaApp.app */ = {isa = PBXFileReference; explicitFileType = wrapper.application; includeInIndex = 0; path = DoujanaApp.app; sourceTree = BUILT_PRODUCTS_DIR; };
		4CEF620924093FE000FD4159 /* AppDelegate.swift */ = {isa = PBXFileReference; lastKnownFileType = sourcecode.swift; path = AppDelegate.swift; sourceTree = "<group>"; };
		4CEF620B24093FE000FD4159 /* TableViewController.swift */ = {isa = PBXFileReference; lastKnownFileType = sourcecode.swift; path = TableViewController.swift; sourceTree = "<group>"; };
		4CEF620E24093FE000FD4159 /* Base */ = {isa = PBXFileReference; lastKnownFileType = file.storyboard; name = Base; path = Base.lproj/Main.storyboard; sourceTree = "<group>"; };
		4CEF621024093FE200FD4159 /* Assets.xcassets */ = {isa = PBXFileReference; lastKnownFileType = folder.assetcatalog; path = Assets.xcassets; sourceTree = "<group>"; };
		4CEF621324093FE200FD4159 /* Base */ = {isa = PBXFileReference; lastKnownFileType = file.storyboard; name = Base; path = Base.lproj/LaunchScreen.storyboard; sourceTree = "<group>"; };
		4CEF621524093FE200FD4159 /* Info.plist */ = {isa = PBXFileReference; lastKnownFileType = text.plist.xml; path = Info.plist; sourceTree = "<group>"; };
		4CEF621A24093FE200FD4159 /* DoujanaAppTests.xctest */ = {isa = PBXFileReference; explicitFileType = wrapper.cfbundle; includeInIndex = 0; path = DoujanaAppTests.xctest; sourceTree = BUILT_PRODUCTS_DIR; };
		4CEF621E24093FE200FD4159 /* DoujanaAppTests.swift */ = {isa = PBXFileReference; lastKnownFileType = sourcecode.swift; path = DoujanaAppTests.swift; sourceTree = "<group>"; };
		4CEF622024093FE200FD4159 /* Info.plist */ = {isa = PBXFileReference; lastKnownFileType = text.plist.xml; path = Info.plist; sourceTree = "<group>"; };
		4CEF622524093FE200FD4159 /* DoujanaAppUITests.xctest */ = {isa = PBXFileReference; explicitFileType = wrapper.cfbundle; includeInIndex = 0; path = DoujanaAppUITests.xctest; sourceTree = BUILT_PRODUCTS_DIR; };
		4CEF622924093FE200FD4159 /* DoujanaAppUITests.swift */ = {isa = PBXFileReference; lastKnownFileType = sourcecode.swift; path = DoujanaAppUITests.swift; sourceTree = "<group>"; };
		4CEF622B24093FE200FD4159 /* Info.plist */ = {isa = PBXFileReference; lastKnownFileType = text.plist.xml; path = Info.plist; sourceTree = "<group>"; };
		4CEF6243240A59E800FD4159 /* ApiService.swift */ = {isa = PBXFileReference; lastKnownFileType = sourcecode.swift; path = ApiService.swift; sourceTree = "<group>"; };
		4CEF6245240A6AC900FD4159 /* Album.swift */ = {isa = PBXFileReference; lastKnownFileType = sourcecode.swift; path = Album.swift; sourceTree = "<group>"; };
		4CEF6249240AC50100FD4159 /* AlbumTableViewCell.swift */ = {isa = PBXFileReference; lastKnownFileType = sourcecode.swift; path = AlbumTableViewCell.swift; sourceTree = "<group>"; };
		4CEF624B240AFC7700FD4159 /* DetailViewController.swift */ = {isa = PBXFileReference; lastKnownFileType = sourcecode.swift; path = DetailViewController.swift; sourceTree = "<group>"; };
/* End PBXFileReference section */

/* Begin PBXFrameworksBuildPhase section */
		4CEF620324093FE000FD4159 /* Frameworks */ = {
			isa = PBXFrameworksBuildPhase;
			buildActionMask = 2147483647;
			files = (
			);
			runOnlyForDeploymentPostprocessing = 0;
		};
		4CEF621724093FE200FD4159 /* Frameworks */ = {
			isa = PBXFrameworksBuildPhase;
			buildActionMask = 2147483647;
			files = (
			);
			runOnlyForDeploymentPostprocessing = 0;
		};
		4CEF622224093FE200FD4159 /* Frameworks */ = {
			isa = PBXFrameworksBuildPhase;
			buildActionMask = 2147483647;
			files = (
			);
			runOnlyForDeploymentPostprocessing = 0;
		};
/* End PBXFrameworksBuildPhase section */

/* Begin PBXGroup section */
		4CEF61FD24093FE000FD4159 = {
			isa = PBXGroup;
			children = (
				4CEF620824093FE000FD4159 /* DoujanaApp */,
				4CEF621D24093FE200FD4159 /* DoujanaAppTests */,
				4CEF622824093FE200FD4159 /* DoujanaAppUITests */,
				4CEF620724093FE000FD4159 /* Products */,
			);
			sourceTree = "<group>";
		};
		4CEF620724093FE000FD4159 /* Products */ = {
			isa = PBXGroup;
			children = (
				4CEF620624093FE000FD4159 /* DoujanaApp.app */,
				4CEF621A24093FE200FD4159 /* DoujanaAppTests.xctest */,
				4CEF622524093FE200FD4159 /* DoujanaAppUITests.xctest */,
			);
			name = Products;
			sourceTree = "<group>";
		};
		4CEF620824093FE000FD4159 /* DoujanaApp */ = {
			isa = PBXGroup;
			children = (
				4CEF620924093FE000FD4159 /* AppDelegate.swift */,
				4CEF620B24093FE000FD4159 /* TableViewController.swift */,
				4CEF620D24093FE000FD4159 /* Main.storyboard */,
				4CEF621024093FE200FD4159 /* Assets.xcassets */,
				4CEF621224093FE200FD4159 /* LaunchScreen.storyboard */,
				4CEF621524093FE200FD4159 /* Info.plist */,
				4CEF6243240A59E800FD4159 /* ApiService.swift */,
				4CEF6245240A6AC900FD4159 /* Album.swift */,
				4CEF6249240AC50100FD4159 /* AlbumTableViewCell.swift */,
				4CEF624B240AFC7700FD4159 /* DetailViewController.swift */,
			);
			path = DoujanaApp;
			sourceTree = "<group>";
		};
		4CEF621D24093FE200FD4159 /* DoujanaAppTests */ = {
			isa = PBXGroup;
			children = (
				4CEF621E24093FE200FD4159 /* DoujanaAppTests.swift */,
				4CEF622024093FE200FD4159 /* Info.plist */,
			);
			path = DoujanaAppTests;
			sourceTree = "<group>";
		};
		4CEF622824093FE200FD4159 /* DoujanaAppUITests */ = {
			isa = PBXGroup;
			children = (
				4CEF622924093FE200FD4159 /* DoujanaAppUITests.swift */,
				4CEF622B24093FE200FD4159 /* Info.plist */,
			);
			path = DoujanaAppUITests;
			sourceTree = "<group>";
		};
/* End PBXGroup section */

/* Begin PBXNativeTarget section */
		4CEF620524093FE000FD4159 /* DoujanaApp */ = {
			isa = PBXNativeTarget;
			buildConfigurationList = 4CEF622E24093FE200FD4159 /* Build configuration list for PBXNativeTarget "DoujanaApp" */;
			buildPhases = (
				4CEF620224093FE000FD4159 /* Sources */,
				4CEF620324093FE000FD4159 /* Frameworks */,
				4CEF620424093FE000FD4159 /* Resources */,
			);
			buildRules = (
			);
			dependencies = (
			);
			name = DoujanaApp;
			productName = DoujanaApp;
			productReference = 4CEF620624093FE000FD4159 /* DoujanaApp.app */;
			productType = "com.apple.product-type.application";
		};
		4CEF621924093FE200FD4159 /* DoujanaAppTests */ = {
			isa = PBXNativeTarget;
			buildConfigurationList = 4CEF623124093FE200FD4159 /* Build configuration list for PBXNativeTarget "DoujanaAppTests" */;
			buildPhases = (
				4CEF621624093FE200FD4159 /* Sources */,
				4CEF621724093FE200FD4159 /* Frameworks */,
				4CEF621824093FE200FD4159 /* Resources */,
			);
			buildRules = (
			);
			dependencies = (
				4CEF621C24093FE200FD4159 /* PBXTargetDependency */,
			);
			name = DoujanaAppTests;
			productName = DoujanaAppTests;
			productReference = 4CEF621A24093FE200FD4159 /* DoujanaAppTests.xctest */;
			productType = "com.apple.product-type.bundle.unit-test";
		};
		4CEF622424093FE200FD4159 /* DoujanaAppUITests */ = {
			isa = PBXNativeTarget;
			buildConfigurationList = 4CEF623424093FE200FD4159 /* Build configuration list for PBXNativeTarget "DoujanaAppUITests" */;
			buildPhases = (
				4CEF622124093FE200FD4159 /* Sources */,
				4CEF622224093FE200FD4159 /* Frameworks */,
				4CEF622324093FE200FD4159 /* Resources */,
			);
			buildRules = (
			);
			dependencies = (
				4CEF622724093FE200FD4159 /* PBXTargetDependency */,
			);
			name = DoujanaAppUITests;
			productName = DoujanaAppUITests;
			productReference = 4CEF622524093FE200FD4159 /* DoujanaAppUITests.xctest */;
			productType = "com.apple.product-type.bundle.ui-testing";
		};
/* End PBXNativeTarget section */

/* Begin PBXProject section */
		4CEF61FE24093FE000FD4159 /* Project object */ = {
			isa = PBXProject;
			attributes = {
				LastSwiftUpdateCheck = 1020;
				LastUpgradeCheck = 1020;
				ORGANIZATIONNAME = fr.epita.doujana.app;
				TargetAttributes = {
					4CEF620524093FE000FD4159 = {
						CreatedOnToolsVersion = 10.2.1;
					};
					4CEF621924093FE200FD4159 = {
						CreatedOnToolsVersion = 10.2.1;
						TestTargetID = 4CEF620524093FE000FD4159;
					};
					4CEF622424093FE200FD4159 = {
						CreatedOnToolsVersion = 10.2.1;
						TestTargetID = 4CEF620524093FE000FD4159;
					};
				};
			};
			buildConfigurationList = 4CEF620124093FE000FD4159 /* Build configuration list for PBXProject "DoujanaApp" */;
			compatibilityVersion = "Xcode 9.3";
			developmentRegion = en;
			hasScannedForEncodings = 0;
			knownRegions = (
				en,
				Base,
			);
			mainGroup = 4CEF61FD24093FE000FD4159;
			productRefGroup = 4CEF620724093FE000FD4159 /* Products */;
			projectDirPath = "";
			projectRoot = "";
			targets = (
				4CEF620524093FE000FD4159 /* DoujanaApp */,
				4CEF621924093FE200FD4159 /* DoujanaAppTests */,
				4CEF622424093FE200FD4159 /* DoujanaAppUITests */,
			);
		};
/* End PBXProject section */

/* Begin PBXResourcesBuildPhase section */
		4CEF620424093FE000FD4159 /* Resources */ = {
			isa = PBXResourcesBuildPhase;
			buildActionMask = 2147483647;
			files = (
				4CEF621424093FE200FD4159 /* LaunchScreen.storyboard in Resources */,
				4CEF621124093FE200FD4159 /* Assets.xcassets in Resources */,
				4CEF620F24093FE000FD4159 /* Main.storyboard in Resources */,
			);
			runOnlyForDeploymentPostprocessing = 0;
		};
		4CEF621824093FE200FD4159 /* Resources */ = {
			isa = PBXResourcesBuildPhase;
			buildActionMask = 2147483647;
			files = (
			);
			runOnlyForDeploymentPostprocessing = 0;
		};
		4CEF622324093FE200FD4159 /* Resources */ = {
			isa = PBXResourcesBuildPhase;
			buildActionMask = 2147483647;
			files = (
			);
			runOnlyForDeploymentPostprocessing = 0;
		};
/* End PBXResourcesBuildPhase section */

/* Begin PBXSourcesBuildPhase section */
		4CEF620224093FE000FD4159 /* Sources */ = {
			isa = PBXSourcesBuildPhase;
			buildActionMask = 2147483647;
			files = (
				4CEF624A240AC50100FD4159 /* AlbumTableViewCell.swift in Sources */,
				4CEF620C24093FE000FD4159 /* TableViewController.swift in Sources */,
				4CEF6244240A59E800FD4159 /* ApiService.swift in Sources */,
				4CEF624C240AFC7700FD4159 /* DetailViewController.swift in Sources */,
				4CEF620A24093FE000FD4159 /* AppDelegate.swift in Sources */,
				4CEF6246240A6AC900FD4159 /* Album.swift in Sources */,
			);
			runOnlyForDeploymentPostprocessing = 0;
		};
		4CEF621624093FE200FD4159 /* Sources */ = {
			isa = PBXSourcesBuildPhase;
			buildActionMask = 2147483647;
			files = (
				4CEF621F24093FE200FD4159 /* DoujanaAppTests.swift in Sources */,
			);
			runOnlyForDeploymentPostprocessing = 0;
		};
		4CEF622124093FE200FD4159 /* Sources */ = {
			isa = PBXSourcesBuildPhase;
			buildActionMask = 2147483647;
			files = (
				4CEF622A24093FE200FD4159 /* DoujanaAppUITests.swift in Sources */,
			);
			runOnlyForDeploymentPostprocessing = 0;
		};
/* End PBXSourcesBuildPhase section */

/* Begin PBXTargetDependency section */
		4CEF621C24093FE200FD4159 /* PBXTargetDependency */ = {
			isa = PBXTargetDependency;
			target = 4CEF620524093FE000FD4159 /* DoujanaApp */;
			targetProxy = 4CEF621B24093FE200FD4159 /* PBXContainerItemProxy */;
		};
		4CEF622724093FE200FD4159 /* PBXTargetDependency */ = {
			isa = PBXTargetDependency;
			target = 4CEF620524093FE000FD4159 /* DoujanaApp */;
			targetProxy = 4CEF622624093FE200FD4159 /* PBXContainerItemProxy */;
		};
/* End PBXTargetDependency section */

/* Begin PBXVariantGroup section */
		4CEF620D24093FE000FD4159 /* Main.storyboard */ = {
			isa = PBXVariantGroup;
			children = (
				4CEF620E24093FE000FD4159 /* Base */,
			);
			name = Main.storyboard;
			sourceTree = "<group>";
		};
		4CEF621224093FE200FD4159 /* LaunchScreen.storyboard */ = {
			isa = PBXVariantGroup;
			children = (
				4CEF621324093FE200FD4159 /* Base */,
			);
			name = LaunchScreen.storyboard;
			sourceTree = "<group>";
		};
/* End PBXVariantGroup section */

/* Begin XCBuildConfiguration section */
		4CEF622C24093FE200FD4159 /* Debug */ = {
			isa = XCBuildConfiguration;
			buildSettings = {
				ALWAYS_SEARCH_USER_PATHS = NO;
				CLANG_ANALYZER_NONNULL = YES;
				CLANG_ANALYZER_NUMBER_OBJECT_CONVERSION = YES_AGGRESSIVE;
				CLANG_CXX_LANGUAGE_STANDARD = "gnu++14";
				CLANG_CXX_LIBRARY = "libc++";
				CLANG_ENABLE_MODULES = YES;
				CLANG_ENABLE_OBJC_ARC = YES;
				CLANG_ENABLE_OBJC_WEAK = YES;
				CLANG_WARN_BLOCK_CAPTURE_AUTORELEASING = YES;
				CLANG_WARN_BOOL_CONVERSION = YES;
				CLANG_WARN_COMMA = YES;
				CLANG_WARN_CONSTANT_CONVERSION = YES;
				CLANG_WARN_DEPRECATED_OBJC_IMPLEMENTATIONS = YES;
				CLANG_WARN_DIRECT_OBJC_ISA_USAGE = YES_ERROR;
				CLANG_WARN_DOCUMENTATION_COMMENTS = YES;
				CLANG_WARN_EMPTY_BODY = YES;
				CLANG_WARN_ENUM_CONVERSION = YES;
				CLANG_WARN_INFINITE_RECURSION = YES;
				CLANG_WARN_INT_CONVERSION = YES;
				CLANG_WARN_NON_LITERAL_NULL_CONVERSION = YES;
				CLANG_WARN_OBJC_IMPLICIT_RETAIN_SELF = YES;
				CLANG_WARN_OBJC_LITERAL_CONVERSION = YES;
				CLANG_WARN_OBJC_ROOT_CLASS = YES_ERROR;
				CLANG_WARN_RANGE_LOOP_ANALYSIS = YES;
				CLANG_WARN_STRICT_PROTOTYPES = YES;
				CLANG_WARN_SUSPICIOUS_MOVE = YES;
				CLANG_WARN_UNGUARDED_AVAILABILITY = YES_AGGRESSIVE;
				CLANG_WARN_UNREACHABLE_CODE = YES;
				CLANG_WARN__DUPLICATE_METHOD_MATCH = YES;
				CODE_SIGN_IDENTITY = "iPhone Developer";
				COPY_PHASE_STRIP = NO;
				DEBUG_INFORMATION_FORMAT = dwarf;
				ENABLE_STRICT_OBJC_MSGSEND = YES;
				ENABLE_TESTABILITY = YES;
				GCC_C_LANGUAGE_STANDARD = gnu11;
				GCC_DYNAMIC_NO_PIC = NO;
				GCC_NO_COMMON_BLOCKS = YES;
				GCC_OPTIMIZATION_LEVEL = 0;
				GCC_PREPROCESSOR_DEFINITIONS = (
					"DEBUG=1",
					"$(inherited)",
				);
				GCC_WARN_64_TO_32_BIT_CONVERSION = YES;
				GCC_WARN_ABOUT_RETURN_TYPE = YES_ERROR;
				GCC_WARN_UNDECLARED_SELECTOR = YES;
				GCC_WARN_UNINITIALIZED_AUTOS = YES_AGGRESSIVE;
				GCC_WARN_UNUSED_FUNCTION = YES;
				GCC_WARN_UNUSED_VARIABLE = YES;
				IPHONEOS_DEPLOYMENT_TARGET = 12.2;
				MTL_ENABLE_DEBUG_INFO = INCLUDE_SOURCE;
				MTL_FAST_MATH = YES;
				ONLY_ACTIVE_ARCH = YES;
				SDKROOT = iphoneos;
				SWIFT_ACTIVE_COMPILATION_CONDITIONS = DEBUG;
				SWIFT_OPTIMIZATION_LEVEL = "-Onone";
			};
			name = Debug;
		};
		4CEF622D24093FE200FD4159 /* Release */ = {
			isa = XCBuildConfiguration;
			buildSettings = {
				ALWAYS_SEARCH_USER_PATHS = NO;
				CLANG_ANALYZER_NONNULL = YES;
				CLANG_ANALYZER_NUMBER_OBJECT_CONVERSION = YES_AGGRESSIVE;
				CLANG_CXX_LANGUAGE_STANDARD = "gnu++14";
				CLANG_CXX_LIBRARY = "libc++";
				CLANG_ENABLE_MODULES = YES;
				CLANG_ENABLE_OBJC_ARC = YES;
				CLANG_ENABLE_OBJC_WEAK = YES;
				CLANG_WARN_BLOCK_CAPTURE_AUTORELEASING = YES;
				CLANG_WARN_BOOL_CONVERSION = YES;
				CLANG_WARN_COMMA = YES;
				CLANG_WARN_CONSTANT_CONVERSION = YES;
				CLANG_WARN_DEPRECATED_OBJC_IMPLEMENTATIONS = YES;
				CLANG_WARN_DIRECT_OBJC_ISA_USAGE = YES_ERROR;
				CLANG_WARN_DOCUMENTATION_COMMENTS = YES;
				CLANG_WARN_EMPTY_BODY = YES;
				CLANG_WARN_ENUM_CONVERSION = YES;
				CLANG_WARN_INFINITE_RECURSION = YES;
				CLANG_WARN_INT_CONVERSION = YES;
				CLANG_WARN_NON_LITERAL_NULL_CONVERSION = YES;
				CLANG_WARN_OBJC_IMPLICIT_RETAIN_SELF = YES;
				CLANG_WARN_OBJC_LITERAL_CONVERSION = YES;
				CLANG_WARN_OBJC_ROOT_CLASS = YES_ERROR;
				CLANG_WARN_RANGE_LOOP_ANALYSIS = YES;
				CLANG_WARN_STRICT_PROTOTYPES = YES;
				CLANG_WARN_SUSPICIOUS_MOVE = YES;
				CLANG_WARN_UNGUARDED_AVAILABILITY = YES_AGGRESSIVE;
				CLANG_WARN_UNREACHABLE_CODE = YES;
				CLANG_WARN__DUPLICATE_METHOD_MATCH = YES;
				CODE_SIGN_IDENTITY = "iPhone Developer";
				COPY_PHASE_STRIP = NO;
				DEBUG_INFORMATION_FORMAT = "dwarf-with-dsym";
				ENABLE_NS_ASSERTIONS = NO;
				ENABLE_STRICT_OBJC_MSGSEND = YES;
				GCC_C_LANGUAGE_STANDARD = gnu11;
				GCC_NO_COMMON_BLOCKS = YES;
				GCC_WARN_64_TO_32_BIT_CONVERSION = YES;
				GCC_WARN_ABOUT_RETURN_TYPE = YES_ERROR;
				GCC_WARN_UNDECLARED_SELECTOR = YES;
				GCC_WARN_UNINITIALIZED_AUTOS = YES_AGGRESSIVE;
				GCC_WARN_UNUSED_FUNCTION = YES;
				GCC_WARN_UNUSED_VARIABLE = YES;
				IPHONEOS_DEPLOYMENT_TARGET = 12.2;
				MTL_ENABLE_DEBUG_INFO = NO;
				MTL_FAST_MATH = YES;
				SDKROOT = iphoneos;
				SWIFT_COMPILATION_MODE = wholemodule;
				SWIFT_OPTIMIZATION_LEVEL = "-O";
				VALIDATE_PRODUCT = YES;
			};
			name = Release;
		};
		4CEF622F24093FE200FD4159 /* Debug */ = {
			isa = XCBuildConfiguration;
			buildSettings = {
				ASSETCATALOG_COMPILER_APPICON_NAME = AppIcon;
				CODE_SIGN_STYLE = Automatic;
				INFOPLIST_FILE = DoujanaApp/Info.plist;
				LD_RUNPATH_SEARCH_PATHS = (
					"$(inherited)",
					"@executable_path/Frameworks",
				);
				PRODUCT_BUNDLE_IDENTIFIER = doujana.DoujanaApp;
				PRODUCT_NAME = "$(TARGET_NAME)";
				SWIFT_VERSION = 5.0;
				TARGETED_DEVICE_FAMILY = "1,2";
			};
			name = Debug;
		};
		4CEF623024093FE200FD4159 /* Release */ = {
			isa = XCBuildConfiguration;
			buildSettings = {
				ASSETCATALOG_COMPILER_APPICON_NAME = AppIcon;
				CODE_SIGN_STYLE = Automatic;
				INFOPLIST_FILE = DoujanaApp/Info.plist;
				LD_RUNPATH_SEARCH_PATHS = (
					"$(inherited)",
					"@executable_path/Frameworks",
				);
				PRODUCT_BUNDLE_IDENTIFIER = doujana.DoujanaApp;
				PRODUCT_NAME = "$(TARGET_NAME)";
				SWIFT_VERSION = 5.0;
				TARGETED_DEVICE_FAMILY = "1,2";
			};
			name = Release;
		};
		4CEF623224093FE200FD4159 /* Debug */ = {
			isa = XCBuildConfiguration;
			buildSettings = {
				ALWAYS_EMBED_SWIFT_STANDARD_LIBRARIES = YES;
				BUNDLE_LOADER = "$(TEST_HOST)";
				CODE_SIGN_STYLE = Automatic;
				INFOPLIST_FILE = DoujanaAppTests/Info.plist;
				LD_RUNPATH_SEARCH_PATHS = (
					"$(inherited)",
					"@executable_path/Frameworks",
					"@loader_path/Frameworks",
				);
				PRODUCT_BUNDLE_IDENTIFIER = doujana.DoujanaAppTests;
				PRODUCT_NAME = "$(TARGET_NAME)";
				SWIFT_VERSION = 5.0;
				TARGETED_DEVICE_FAMILY = "1,2";
				TEST_HOST = "$(BUILT_PRODUCTS_DIR)/DoujanaApp.app/DoujanaApp";
			};
			name = Debug;
		};
		4CEF623324093FE200FD4159 /* Release */ = {
			isa = XCBuildConfiguration;
			buildSettings = {
				ALWAYS_EMBED_SWIFT_STANDARD_LIBRARIES = YES;
				BUNDLE_LOADER = "$(TEST_HOST)";
				CODE_SIGN_STYLE = Automatic;
				INFOPLIST_FILE = DoujanaAppTests/Info.plist;
				LD_RUNPATH_SEARCH_PATHS = (
					"$(inherited)",
					"@executable_path/Frameworks",
					"@loader_path/Frameworks",
				);
				PRODUCT_BUNDLE_IDENTIFIER = doujana.DoujanaAppTests;
				PRODUCT_NAME = "$(TARGET_NAME)";
				SWIFT_VERSION = 5.0;
				TARGETED_DEVICE_FAMILY = "1,2";
				TEST_HOST = "$(BUILT_PRODUCTS_DIR)/DoujanaApp.app/DoujanaApp";
			};
			name = Release;
		};
		4CEF623524093FE200FD4159 /* Debug */ = {
			isa = XCBuildConfiguration;
			buildSettings = {
				ALWAYS_EMBED_SWIFT_STANDARD_LIBRARIES = YES;
				CODE_SIGN_STYLE = Automatic;
				INFOPLIST_FILE = DoujanaAppUITests/Info.plist;
				LD_RUNPATH_SEARCH_PATHS = (
					"$(inherited)",
					"@executable_path/Frameworks",
					"@loader_path/Frameworks",
				);
				PRODUCT_BUNDLE_IDENTIFIER = doujana.DoujanaAppUITests;
				PRODUCT_NAME = "$(TARGET_NAME)";
				SWIFT_VERSION = 5.0;
				TARGETED_DEVICE_FAMILY = "1,2";
				TEST_TARGET_NAME = DoujanaApp;
			};
			name = Debug;
		};
		4CEF623624093FE200FD4159 /* Release */ = {
			isa = XCBuildConfiguration;
			buildSettings = {
				ALWAYS_EMBED_SWIFT_STANDARD_LIBRARIES = YES;
				CODE_SIGN_STYLE = Automatic;
				INFOPLIST_FILE = DoujanaAppUITests/Info.plist;
				LD_RUNPATH_SEARCH_PATHS = (
					"$(inherited)",
					"@executable_path/Frameworks",
					"@loader_path/Frameworks",
				);
				PRODUCT_BUNDLE_IDENTIFIER = doujana.DoujanaAppUITests;
				PRODUCT_NAME = "$(TARGET_NAME)";
				SWIFT_VERSION = 5.0;
				TARGETED_DEVICE_FAMILY = "1,2";
				TEST_TARGET_NAME = DoujanaApp;
			};
			name = Release;
		};
/* End XCBuildConfiguration section */

/* Begin XCConfigurationList section */
		4CEF620124093FE000FD4159 /* Build configuration list for PBXProject "DoujanaApp" */ = {
			isa = XCConfigurationList;
			buildConfigurations = (
				4CEF622C24093FE200FD4159 /* Debug */,
				4CEF622D24093FE200FD4159 /* Release */,
			);
			defaultConfigurationIsVisible = 0;
			defaultConfigurationName = Release;
		};
		4CEF622E24093FE200FD4159 /* Build configuration list for PBXNativeTarget "DoujanaApp" */ = {
			isa = XCConfigurationList;
			buildConfigurations = (
				4CEF622F24093FE200FD4159 /* Debug */,
				4CEF623024093FE200FD4159 /* Release */,
			);
			defaultConfigurationIsVisible = 0;
			defaultConfigurationName = Release;
		};
		4CEF623124093FE200FD4159 /* Build configuration list for PBXNativeTarget "DoujanaAppTests" */ = {
			isa = XCConfigurationList;
			buildConfigurations = (
				4CEF623224093FE200FD4159 /* Debug */,
				4CEF623324093FE200FD4159 /* Release */,
			);
			defaultConfigurationIsVisible = 0;
			defaultConfigurationName = Release;
		};
		4CEF623424093FE200FD4159 /* Build configuration list for PBXNativeTarget "DoujanaAppUITests" */ = {
			isa = XCConfigurationList;
			buildConfigurations = (
				4CEF623524093FE200FD4159 /* Debug */,
				4CEF623624093FE200FD4159 /* Release */,
			);
			defaultConfigurationIsVisible = 0;
			defaultConfigurationName = Release;
		};
/* End XCConfigurationList section */
	};
	rootObject = 4CEF61FE24093FE000FD4159 /* Project object */;
}
